
Microsoft Visual Studio Solution File, Format Version 12.00
# Visual Studio Version 16
VisualStudioVersion = 16.0.31424.327
MinimumVisualStudioVersion = 10.0.40219.1
Project("{FAE04EC0-301F-11D3-BF4B-00C04F79EFBC}") = "Hatodik_MTA4NG", "Hatodik_MTA4NG\Hatodik_MTA4NG.csproj", "{A634643E-E5A8-4EF9-B6B5-26B5AFA39C78}"
EndProject
Global
	GlobalSection(SolutionConfigurationPlatforms) = preSolution
		Debug|Any CPU = Debug|Any CPU
		Release|Any CPU = Release|Any CPU
	EndGlobalSection
	GlobalSection(ProjectConfigurationPlatforms) = postSolution
		{A634643E-E5A8-4EF9-B6B5-26B5AFA39C78}.Debug|Any CPU.ActiveCfg = Debug|Any CPU
		{A634643E-E5A8-4EF9-B6B5-26B5AFA39C78}.Debug|Any CPU.Build.0 = Debug|Any CPU
		{A634643E-E5A8-4EF9-B6B5-26B5AFA39C78}.Release|Any CPU.ActiveCfg = Release|Any CPU
		{A634643E-E5A8-4EF9-B6B5-26B5AFA39C78}.Release|Any CPU.Build.0 = Release|Any CPU
	EndGlobalSection
	GlobalSection(SolutionProperties) = preSolution
		HideSolutionNode = FALSE
	EndGlobalSection
	GlobalSection(ExtensibilityGlobals) = postSolution
		SolutionGuid = {CFE3471D-D5B9-4FC5-B022-10E58681B836}
	EndGlobalSection
EndGlobal
