
Microsoft Visual Studio Solution File, Format Version 12.00
# Visual Studio Version 16
VisualStudioVersion = 16.0.31424.327
MinimumVisualStudioVersion = 10.0.40219.1
Project("{FAE04EC0-301F-11D3-BF4B-00C04F79EFBC}") = "Mikroszimulacio_MTA4NG", "Mikroszimulacio_MTA4NG\Mikroszimulacio_MTA4NG.csproj", "{71B3F7EB-531B-405B-A8D9-7FED49F7C8CC}"
EndProject
Global
	GlobalSection(SolutionConfigurationPlatforms) = preSolution
		Debug|Any CPU = Debug|Any CPU
		Release|Any CPU = Release|Any CPU
	EndGlobalSection
	GlobalSection(ProjectConfigurationPlatforms) = postSolution
		{71B3F7EB-531B-405B-A8D9-7FED49F7C8CC}.Debug|Any CPU.ActiveCfg = Debug|Any CPU
		{71B3F7EB-531B-405B-A8D9-7FED49F7C8CC}.Debug|Any CPU.Build.0 = Debug|Any CPU
		{71B3F7EB-531B-405B-A8D9-7FED49F7C8CC}.Release|Any CPU.ActiveCfg = Release|Any CPU
		{71B3F7EB-531B-405B-A8D9-7FED49F7C8CC}.Release|Any CPU.Build.0 = Release|Any CPU
	EndGlobalSection
	GlobalSection(SolutionProperties) = preSolution
		HideSolutionNode = FALSE
	EndGlobalSection
	GlobalSection(ExtensibilityGlobals) = postSolution
		SolutionGuid = {BDC8D0AF-ED12-4043-973E-1F3FB377CA98}
	EndGlobalSection
EndGlobal
