
Microsoft Visual Studio Solution File, Format Version 12.00
# Visual Studio Version 16
VisualStudioVersion = 16.0.31424.327
MinimumVisualStudioVersion = 10.0.40219.1
Project("{FAE04EC0-301F-11D3-BF4B-00C04F79EFBC}") = "UserMaintenance", "UserMaintenance\UserMaintenance.csproj", "{6E247863-F6D6-4E9F-9A57-1F37EA2703DC}"
EndProject
Global
	GlobalSection(SolutionConfigurationPlatforms) = preSolution
		Debug|Any CPU = Debug|Any CPU
		Release|Any CPU = Release|Any CPU
	EndGlobalSection
	GlobalSection(ProjectConfigurationPlatforms) = postSolution
		{6E247863-F6D6-4E9F-9A57-1F37EA2703DC}.Debug|Any CPU.ActiveCfg = Debug|Any CPU
		{6E247863-F6D6-4E9F-9A57-1F37EA2703DC}.Debug|Any CPU.Build.0 = Debug|Any CPU
		{6E247863-F6D6-4E9F-9A57-1F37EA2703DC}.Release|Any CPU.ActiveCfg = Release|Any CPU
		{6E247863-F6D6-4E9F-9A57-1F37EA2703DC}.Release|Any CPU.Build.0 = Release|Any CPU
	EndGlobalSection
	GlobalSection(SolutionProperties) = preSolution
		HideSolutionNode = FALSE
	EndGlobalSection
	GlobalSection(ExtensibilityGlobals) = postSolution
		SolutionGuid = {8D3ACCC2-561D-4112-8626-C33DA7475235}
	EndGlobalSection
EndGlobal
